version = 1
revision = 3
requires-python = ">=3.13"

[[package]]
name = "hadolint-py"
version = "2.15.1.2"
source = { registry = "https://pypi.org/simple" }
sdist = { url = "https://files.pythonhosted.org/packages/b5/36/ca7181bda86742dcc26853b729a04b35aeb0d1ecdc810f39527c896f7574/hadolint_py-2.15.1.2.tar.gz", hash = "sha256:2bab20951d5497461c1c15350d6af97866fdb2842af77777a8bfe8a3668c07ec", size = 8323, upload-time = "2026-07-31T23:28:40.11Z" }
wheels = [
    { url = "https://files.pythonhosted.org/packages/d6/2f/fafcaae9e38a4a128663ad3302bc9a40c4b852fdf4ed7cfbc99472e5336a/hadolint_py-2.15.1.2-py3-none-macosx_10_15_universal2.whl", hash = "sha256:58b641d14257ec3a4ec1e5c2677068b951c3804c629a8e732be570def2c09231", size = 21352551, upload-time = "2026-07-31T23:28:29.448Z" },
    { url = "https://files.pythonhosted.org/packages/3a/28/2d8d8819031b9c4171784acd892eff957a121641686737f4e321aed86acc/hadolint_py-2.15.1.2-py3-none-manylinux_2_17_aarch64.whl", hash = "sha256:e85fda1da903e53b892a698c2e0eff7cea1f2e90f87f5f29bebbdbf0d4d8e332", size = 13065544, upload-time = "2026-07-31T23:28:32.514Z" },
    { url = "https://files.pythonhosted.org/packages/45/c2/6039d33dbdc3c909c8b4ea598a8b0231e430747f7189d46b140a4aeeed9b/hadolint_py-2.15.1.2-py3-none-manylinux_2_17_x86_64.whl", hash = "sha256:4d0c2e4c2569fddc8774072690f0d23abf5643d69a9bb64277f5d0c8fabd49bd", size = 12157639, upload-time = "2026-07-31T23:28:35.361Z" },
    { url = "https://files.pythonhosted.org/packages/49/34/1029ec8a3ecb1a680be72d2754250fd4e26145b63e4b9ddc7214e7213755/hadolint_py-2.15.1.2-py3-none-win_amd64.whl", hash = "sha256:dc636b2c96f61e372bf016703cbe07b3b31e9a16b6995f6175fd974f2474c5fd", size = 15596538, upload-time = "2026-07-31T23:28:38.236Z" },
]

[[package]]
name = "images-datascience"
version = "0.1.0"
source = { editable = "." }

[package.dev-dependencies]
dev = [
    { name = "hadolint-py" },
    { name = "ruff" },
    { name = "shellcheck-py" },
]

[package.metadata]

[package.metadata.requires-dev]
dev = [
    { name = "hadolint-py", specifier = ">=2.15.1.2" },
    { name = "ruff", specifier = ">=0.16.8" },
    { name = "shellcheck-py", specifier = ">=0.11.0.1" },
]

[[package]]
name = "ruff"
version = "0.16.8"
source = { registry = "https://pypi.org/simple" }
sdist = { url = "https://files.pythonhosted.org/packages/ba/78/449cb84790bd5cc3823b2652ee405a4558856e5c4195aee3a16bf7b3eb5d/ruff-0.16.8.tar.gz", hash = "sha256:9247bf92b5f04d825c8639a4fe423ec2e4222acd9222e58412b0dab7e442798b", size = 4938814, upload-time = "2026-09-16T15:54:46.688Z" }
wheels = [
    { url = "https://files.pythonhosted.org/packages/ac/25/6071aabc530e9be7e2c195e8fe3f7aea2735405b6cf447212832d7811831/ruff-0.16.8-py3-none-linux_armv6l.whl", hash = "sha256:6ffbd6d87383c1edf5f6fa890f10200950240d7c1a16052a19a09d3a2307dd38", size = 10048966, upload-time = "2026-09-16T15:53:57.605Z" },
    { url = "https://files.pythonhosted.org/packages/54/98/07f90ecbc74dd5fb5764f11f2bc774d6a7cffef92d2ff5f5b4e9e23c754e/ruff-0.16.8-py3-none-macosx_10_12_x86_64.whl", hash = "sha256:42ed6b878ed61e3acca92f2730a17acff39286944ea82398544696366a6f925e", size = 10165498, upload-time = "2026-09-16T15:54:01.14Z" },
    { url = "https://files.pythonhosted.org/packages/fe/1f/e6a712e3b47cad4a40600134105ed193cb773f618a42eb7ba323cb812cc0/ruff-0.16.8-py3-none-macosx_11_0_arm64.whl", hash = "sha256:7ea781c7f2afba8c6a505ea0fb3f994020249e0c450635f5381286fea6b46170", size = 9830004, upload-time = "2026-09-16T15:54:03.998Z" },
    { url = "https://files.pythonhosted.org/packages/23/f2/311a08776d75d81c7676e20b6b020ae63cbe881fcdc7a8dd64e6e18bdd93/ruff-0.16.8-py3-none-manylinux_2_17_aarch64.manylinux2014_aarch64.whl", hash = "sha256:8efeae3bbe414a5efefda11a792dfb51ef90ac48d50c4830de2f644caf3e8659", size = 9986558, upload-time = "2026-09-16T15:54:06.804Z" },
    { url = "https://files.pythonhosted.org/packages/f3/ed/37b6cb3d3ba8c73e68ae3eb1d502383beb5aa05a582bb7bb3a922f929f54/ruff-0.16.8-py3-none-manylinux_2_17_armv7l.manylinux2014_armv7l.whl", hash = "sha256:3a79b795469fef7fc6e908b218eed2eb17332afd85031db6480dc864560e69b2", size = 9877332, upload-time = "2026-09-16T15:54:09.552Z" },
    { url = "https://files.pythonhosted.org/packages/22/cc/40873a8f36ad084cc540d55fcca7077264d5b13b24659e9180c176fb2b08/ruff-0.16.8-py3-none-manylinux_2_17_i686.manylinux2014_i686.whl", hash = "sha256:3fdc5563cdc50555e6fba39322850860e9267c1b3d12c26a74729d8604c3c812", size = 10507125, upload-time = "2026-09-16T15:54:12.152Z" },
    { url = "https://files.pythonhosted.org/packages/c3/e4/fc91a642b78ccbab6b9477720f3644ae7a10a9bcce69a934679cd64f62bc/ruff-0.16.8-py3-none-manylinux_2_17_ppc64le.manylinux2014_ppc64le.whl", hash = "sha256:34508983c70665578dab88f5223d8e6228307e1135398ca8bfc8b7e9501e282b", size = 11336694, upload-time = "2026-09-16T15:54:15.489Z" },
    { url = "https://files.pythonhosted.org/packages/c2/3d/bbd2a9a600a4e73dc3e7548a249c8d1671273464b55822c6fae50f602dff/ruff-0.16.8-py3-none-manylinux_2_17_s390x.manylinux2014_s390x.whl", hash = "sha256:644bb578569e0ffc575741232bd385dacdd6fbe123f1a729e7a225f54aa3957f", size = 10774448, upload-time = "2026-09-16T15:54:18.16Z" },
    { url = "https://files.pythonhosted.org/packages/1a/41/d83af9879a7b6e8bf5fe16b1da0b134049d2f5d3afac12defb0897cb84bd/ruff-0.16.8-py3-none-manylinux_2_17_x86_64.manylinux2014_x86_64.whl", hash = "sha256:15e7d226246961db9235098333caa13063906d3851136b84c2900b82f5daa1df", size = 10323796, upload-time = "2026-09-16T15:54:20.743Z" },
    { url = "https://files.pythonhosted.org/packages/f5/2c/cefd07bfe914b84943ea769ade8d607bd22750b965d3228eefd7cebd15d0/ruff-0.16.8-py3-none-manylinux_2_31_riscv64.whl", hash = "sha256:a2bf6bc3e9ebdd4449abc6f06cf64b98051a2c61cf94d2fe9596518c881f1a1e", size = 10514115, upload-time = "2026-09-16T15:54:23.497Z" },
    { url = "https://files.pythonhosted.org/packages/f3/9d/76a2e26c79a23be6e6e3664c57bec9e9fc8de155cfb9e4b67ea91b64f9d7/ruff-0.16.8-py3-none-musllinux_1_2_aarch64.whl", hash = "sha256:6ca111ba0849539165e9e59d2b442542f3c1e8060ebbdea82494f1ffbccb1e1f", size = 10072582, upload-time = "2026-09-16T15:54:26.185Z" },
    { url = "https://files.pythonhosted.org/packages/2e/d4/f42edddb39668af1a559ceafa3823aedd65633a48dc9768e775485faa2c1/ruff-0.16.8-py3-none-musllinux_1_2_armv7l.whl", hash = "sha256:359a1e5b495448ee1e91018064382ebc86f90e8aac2fed222c7d0e4e8df85fd2", size = 9879644, upload-time = "2026-09-16T15:54:29.278Z" },
    { url = "https://files.pythonhosted.org/packages/f8/d4/913e3195d95e0378786c6656945c865f534a3560e29139da4882aff630d1/ruff-0.16.8-py3-none-musllinux_1_2_i686.whl", hash = "sha256:59e8f5681349474110b24d62e93cfda6593f5fa3473446ca3705200cac1a08b9", size = 10231569, upload-time = "2026-09-16T15:54:32.036Z" },
    { url = "https://files.pythonhosted.org/packages/2b/c4/8aa6ea0bdcedbd1bf87397e2fc4ed8406448ea5842f8660bc6e5f163039d/ruff-0.16.8-py3-none-musllinux_1_2_x86_64.whl", hash = "sha256:efa3e7a16d1baaa79957888dfdf8be9ef2e44db81cb032af06d76632ab59e773", size = 10663666, upload-time = "2026-09-16T15:54:34.838Z" },
    { url = "https://files.pythonhosted.org/packages/3d/02/7f10ef4700bc223c30a3fdd10631a29830c45524b810a3c7ed947af64591/ruff-0.16.8-py3-none-win32.whl", hash = "sha256:55793ba85c69921e89be061426d91a78652d6e50317c962240922747a4eb713f", size = 10093472, upload-time = "2026-09-16T15:54:37.47Z" },
    { url = "https://files.pythonhosted.org/packages/1e/5d/a509c07d714b6da88f2c518b4637cf6f1d46b074be8f0f1e5fb9ff5126fe/ruff-0.16.8-py3-none-win_amd64.whl", hash = "sha256:a6b85621fd3c81e31fc5f5add09c9c078b430db3595ca632efafdec9e64ebfaa", size = 10586899, upload-time = "2026-09-16T15:54:40.488Z" },
    { url = "https://files.pythonhosted.org/packages/fe/a0/50787329e4f20bf9dc9f6230015d46ec69c51a97ace5bc202dae4755365d/ruff-0.16.8-py3-none-win_arm64.whl", hash = "sha256:d075e820af612102ce217f07cc93e69f9490b10ec13ea85fa87bd03d996cef8a", size = 10386316, upload-time = "2026-09-16T15:54:43.332Z" },
]

[[package]]
name = "shellcheck-py"
version = "0.11.0.1"
source = { registry = "https://pypi.org/simple" }
sdist = { url = "https://files.pythonhosted.org/packages/df/55/455b097417b3df3d330eff029c72c32f08b25739e3010acb30ad06d268ef/shellcheck_py-0.11.0.1.tar.gz", hash = "sha256:5c620c88901e8f1d3be5934b31ea99e3310065e1245253741eafd0a275c8c9cc", size = 3139, upload-time = "2025-08-09T17:53:42.492Z" }
wheels = [
    { url = "https://files.pythonhosted.org/packages/54/27/d75b03e5458cefdb6d3b674566cd20476c3e4d3fe6cc9d68b7e3b854b296/shellcheck_py-0.11.0.1-py2.py3-none-macosx_10_9_x86_64.whl", hash = "sha256:b6a3fee28efda2e16e38d6e6d59faf7224300256456639727370d404730849e8", size = 6774472, upload-time = "2025-08-09T17:53:34.573Z" },
    { url = "https://files.pythonhosted.org/packages/61/ac/2a84c37171c0cf5a10ea4b0a27d43eb0a1d29bd98b49c2c5ffe17ad24bbe/shellcheck_py-0.11.0.1-py2.py3-none-macosx_11_0_arm64.whl", hash = "sha256:6b88d0a244c82ed07e06a53e444da841f69330ca59ae15d4a66c391655dae7a0", size = 11381835, upload-time = "2025-08-09T17:53:36.852Z" },
    { url = "https://files.pythonhosted.org/packages/96/55/250e0e3367613a5c22bd82e33b16b889287d81ab0f7dda67e6514a4cccf4/shellcheck_py-0.11.0.1-py2.py3-none-manylinux1_x86_64.manylinux2014_x86_64.manylinux_2_17_x86_64.manylinux_2_5_x86_64.whl", hash = "sha256:1b274df81de5b000ff78db433e7328b87e52e3c38481c60f8e488c3095beef05", size = 3800600, upload-time = "2025-08-09T17:53:38.643Z" },
    { url = "https://files.pythonhosted.org/packages/15/5b/bb14c0a7474463b1aa3c09e866cb172dffc66ed2993b7ea8f1db581e86ee/shellcheck_py-0.11.0.1-py2.py3-none-win_amd64.whl", hash = "sha256:784156289ecb17e91c692cd783ab5152333309588cabb10032a047331c63e759", size = 8027541, upload-time = "2025-08-09T17:53:40.889Z" },
]
